// !$*UTF8*$!
{
	archiveVersion = 1;
	classes = {
	};
	objectVersion = 48;
	objects = {

/* Begin PBXBuildFile section */
		D35CFCBD1FB0D3FB00C70328 /* AppDelegate.swift in Sources */ = {isa = PBXBuildFile; fileRef = D35CFCBC1FB0D3FB00C70328 /* AppDelegate.swift */; };
		D35CFCBF1FB0D3FB00C70328 /* ViewController.swift in Sources */ = {isa = PBXBuildFile; fileRef = D35CFCBE1FB0D3FB00C70328 /* ViewController.swift */; };
		D35CFCC21FB0D3FB00C70328 /* Main.storyboard in Resources */ = {isa = PBXBuildFile; fileRef = D35CFCC01FB0D3FB00C70328 /* Main.storyboard */; };
		D35CFCC51FB0D3FB00C70328 /* NSURLSessionResumeDownload.xcdatamodeld in Sources */ = {isa = PBXBuildFile; fileRef = D35CFCC31FB0D3FB00C70328 /* NSURLSessionResumeDownload.xcdatamodeld */; };
		D35CFCC71FB0D3FB00C70328 /* Assets.xcassets in Resources */ = {isa = PBXBuildFile; fileRef = D35CFCC61FB0D3FB00C70328 /* Assets.xcassets */; };
		D35CFCCA1FB0D3FB00C70328 /* LaunchScreen.storyboard in Resources */ = {isa = PBXBuildFile; fileRef = D35CFCC81FB0D3FB00C70328 /* LaunchScreen.storyboard */; };
		D35CFCD51FB0D3FC00C70328 /* NSURLSessionResumeDownloadTests.swift in Sources */ = {isa = PBXBuildFile; fileRef = D35CFCD41FB0D3FC00C70328 /* NSURLSessionResumeDownloadTests.swift */; };
		D35CFCE01FB0D3FC00C70328 /* NSURLSessionResumeDownloadUITests.swift in Sources */ = {isa = PBXBuildFile; fileRef = D35CFCDF1FB0D3FC00C70328 /* NSURLSessionResumeDownloadUITests.swift */; };
/* End PBXBuildFile section */

/* Begin PBXContainerItemProxy section */
		D35CFCD11FB0D3FC00C70328 /* PBXContainerItemProxy */ = {
			isa = PBXContainerItemProxy;
			containerPortal = D35CFCB11FB0D3FB00C70328 /* Project object */;
			proxyType = 1;
			remoteGlobalIDString = D35CFCB81FB0D3FB00C70328;
			remoteInfo = NSURLSessionResumeDownload;
		};
		D35CFCDC1FB0D3FC00C70328 /* PBXContainerItemProxy */ = {
			isa = PBXContainerItemProxy;
			containerPortal = D35CFCB11FB0D3FB00C70328 /* Project object */;
			proxyType = 1;
			remoteGlobalIDString = D35CFCB81FB0D3FB00C70328;
			remoteInfo = NSURLSessionResumeDownload;
		};
/* End PBXContainerItemProxy section */

/* Begin PBXFileReference section */
		D35CFCB91FB0D3FB00C70328 /* NSURLSessionResumeDownload.app */ = {isa = PBXFileReference; explicitFileType = wrapper.application; includeInIndex = 0; path = NSURLSessionResumeDownload.app; sourceTree = BUILT_PRODUCTS_DIR; };
		D35CFCBC1FB0D3FB00C70328 /* AppDelegate.swift */ = {isa = PBXFileReference; lastKnownFileType = sourcecode.swift; path = AppDelegate.swift; sourceTree = "<group>"; };
		D35CFCBE1FB0D3FB00C70328 /* ViewController.swift */ = {isa = PBXFileReference; lastKnownFileType = sourcecode.swift; path = ViewController.swift; sourceTree = "<group>"; };
		D35CFCC11FB0D3FB00C70328 /* Base */ = {isa = PBXFileReference; lastKnownFileType = file.storyboard; name = Base; path = Base.lproj/Main.storyboard; sourceTree = "<group>"; };
		D35CFCC41FB0D3FB00C70328 /* NSURLSessionResumeDownload.xcdatamodel */ = {isa = PBXFileReference; lastKnownFileType = wrapper.xcdatamodel; path = NSURLSessionResumeDownload.xcdatamodel; sourceTree = "<group>"; };
		D35CFCC61FB0D3FB00C70328 /* Assets.xcassets */ = {isa = PBXFileReference; lastKnownFileType = folder.assetcatalog; path = Assets.xcassets; sourceTree = "<group>"; };
		D35CFCC91FB0D3FB00C70328 /* Base */ = {isa = PBXFileReference; lastKnownFileType = file.storyboard; name = Base; path = Base.lproj/LaunchScreen.storyboard; sourceTree = "<group>"; };
		D35CFCCB1FB0D3FB00C70328 /* Info.plist */ = {isa = PBXFileReference; lastKnownFileType = text.plist.xml; path = Info.plist; sourceTree = "<group>"; };
		D35CFCD01FB0D3FC00C70328 /* NSURLSessionResumeDownloadTests.xctest */ = {isa = PBXFileReference; explicitFileType = wrapper.cfbundle; includeInIndex = 0; path = NSURLSessionResumeDownloadTests.xctest; sourceTree = BUILT_PRODUCTS_DIR; };
		D35CFCD41FB0D3FC00C70328 /* NSURLSessionResumeDownloadTests.swift */ = {isa = PBXFileReference; lastKnownFileType = sourcecode.swift; path = NSURLSessionResumeDownloadTests.swift; sourceTree = "<group>"; };
		D35CFCD61FB0D3FC00C70328 /* Info.plist */ = {isa = PBXFileReference; lastKnownFileType = text.plist.xml; path = Info.plist; sourceTree = "<group>"; };
		D35CFCDB1FB0D3FC00C70328 /* NSURLSessionResumeDownloadUITests.xctest */ = {isa = PBXFileReference; explicitFileType = wrapper.cfbundle; includeInIndex = 0; path = NSURLSessionResumeDownloadUITests.xctest; sourceTree = BUILT_PRODUCTS_DIR; };
		D35CFCDF1FB0D3FC00C70328 /* NSURLSessionResumeDownloadUITests.swift */ = {isa = PBXFileReference; lastKnownFileType = sourcecode.swift; path = NSURLSessionResumeDownloadUITests.swift; sourceTree = "<group>"; };
		D35CFCE11FB0D3FC00C70328 /* Info.plist */ = {isa = PBXFileReference; lastKnownFileType = text.plist.xml; path = Info.plist; sourceTree = "<group>"; };
/* End PBXFileReference section */

/* Begin PBXFrameworksBuildPhase section */
		D35CFCB61FB0D3FB00C70328 /* Frameworks */ = {
			isa = PBXFrameworksBuildPhase;
			buildActionMask = 2147483647;
			files = (
			);
			runOnlyForDeploymentPostprocessing = 0;
		};
		D35CFCCD1FB0D3FC00C70328 /* Frameworks */ = {
			isa = PBXFrameworksBuildPhase;
			buildActionMask = 2147483647;
			files = (
			);
			runOnlyForDeploymentPostprocessing = 0;
		};
		D35CFCD81FB0D3FC00C70328 /* Frameworks */ = {
			isa = PBXFrameworksBuildPhase;
			buildActionMask = 2147483647;
			files = (
			);
			runOnlyForDeploymentPostprocessing = 0;
		};
/* End PBXFrameworksBuildPhase section */

/* Begin PBXGroup section */
		D35CFCB01FB0D3FB00C70328 = {
			isa = PBXGroup;
			children = (
				D35CFCBB1FB0D3FB00C70328 /* NSURLSessionResumeDownload */,
				D35CFCD31FB0D3FC00C70328 /* NSURLSessionResumeDownloadTests */,
				D35CFCDE1FB0D3FC00C70328 /* NSURLSessionResumeDownloadUITests */,
				D35CFCBA1FB0D3FB00C70328 /* Products */,
			);
			sourceTree = "<group>";
		};
		D35CFCBA1FB0D3FB00C70328 /* Products */ = {
			isa = PBXGroup;
			children = (
				D35CFCB91FB0D3FB00C70328 /* NSURLSessionResumeDownload.app */,
				D35CFCD01FB0D3FC00C70328 /* NSURLSessionResumeDownloadTests.xctest */,
				D35CFCDB1FB0D3FC00C70328 /* NSURLSessionResumeDownloadUITests.xctest */,
			);
			name = Products;
			sourceTree = "<group>";
		};
		D35CFCBB1FB0D3FB00C70328 /* NSURLSessionResumeDownload */ = {
			isa = PBXGroup;
			children = (
				D35CFCBC1FB0D3FB00C70328 /* AppDelegate.swift */,
				D35CFCBE1FB0D3FB00C70328 /* ViewController.swift */,
				D35CFCC01FB0D3FB00C70328 /* Main.storyboard */,
				D35CFCC61FB0D3FB00C70328 /* Assets.xcassets */,
				D35CFCC81FB0D3FB00C70328 /* LaunchScreen.storyboard */,
				D35CFCCB1FB0D3FB00C70328 /* Info.plist */,
				D35CFCC31FB0D3FB00C70328 /* NSURLSessionResumeDownload.xcdatamodeld */,
			);
			path = NSURLSessionResumeDownload;
			sourceTree = "<group>";
		};
		D35CFCD31FB0D3FC00C70328 /* NSURLSessionResumeDownloadTests */ = {
			isa = PBXGroup;
			children = (
				D35CFCD41FB0D3FC00C70328 /* NSURLSessionResumeDownloadTests.swift */,
				D35CFCD61FB0D3FC00C70328 /* Info.plist */,
			);
			path = NSURLSessionResumeDownloadTests;
			sourceTree = "<group>";
		};
		D35CFCDE1FB0D3FC00C70328 /* NSURLSessionResumeDownloadUITests */ = {
			isa = PBXGroup;
			children = (
				D35CFCDF1FB0D3FC00C70328 /* NSURLSessionResumeDownloadUITests.swift */,
				D35CFCE11FB0D3FC00C70328 /* Info.plist */,
			);
			path = NSURLSessionResumeDownloadUITests;
			sourceTree = "<group>";
		};
/* End PBXGroup section */

/* Begin PBXNativeTarget section */
		D35CFCB81FB0D3FB00C70328 /* NSURLSessionResumeDownload */ = {
			isa = PBXNativeTarget;
			buildConfigurationList = D35CFCE41FB0D3FC00C70328 /* Build configuration list for PBXNativeTarget "NSURLSessionResumeDownload" */;
			buildPhases = (
				D35CFCB51FB0D3FB00C70328 /* Sources */,
				D35CFCB61FB0D3FB00C70328 /* Frameworks */,
				D35CFCB71FB0D3FB00C70328 /* Resources */,
			);
			buildRules = (
			);
			dependencies = (
			);
			name = NSURLSessionResumeDownload;
			productName = NSURLSessionResumeDownload;
			productReference = D35CFCB91FB0D3FB00C70328 /* NSURLSessionResumeDownload.app */;
			productType = "com.apple.product-type.application";
		};
		D35CFCCF1FB0D3FC00C70328 /* NSURLSessionResumeDownloadTests */ = {
			isa = PBXNativeTarget;
			buildConfigurationList = D35CFCE71FB0D3FC00C70328 /* Build configuration list for PBXNativeTarget "NSURLSessionResumeDownloadTests" */;
			buildPhases = (
				D35CFCCC1FB0D3FC00C70328 /* Sources */,
				D35CFCCD1FB0D3FC00C70328 /* Frameworks */,
				D35CFCCE1FB0D3FC00C70328 /* Resources */,
			);
			buildRules = (
			);
			dependencies = (
				D35CFCD21FB0D3FC00C70328 /* PBXTargetDependency */,
			);
			name = NSURLSessionResumeDownloadTests;
			productName = NSURLSessionResumeDownloadTests;
			productReference = D35CFCD01FB0D3FC00C70328 /* NSURLSessionResumeDownloadTests.xctest */;
			productType = "com.apple.product-type.bundle.unit-test";
		};
		D35CFCDA1FB0D3FC00C70328 /* NSURLSessionResumeDownloadUITests */ = {
			isa = PBXNativeTarget;
			buildConfigurationList = D35CFCEA1FB0D3FC00C70328 /* Build configuration list for PBXNativeTarget "NSURLSessionResumeDownloadUITests" */;
			buildPhases = (
				D35CFCD71FB0D3FC00C70328 /* Sources */,
				D35CFCD81FB0D3FC00C70328 /* Frameworks */,
				D35CFCD91FB0D3FC00C70328 /* Resources */,
			);
			buildRules = (
			);
			dependencies = (
				D35CFCDD1FB0D3FC00C70328 /* PBXTargetDependency */,
			);
			name = NSURLSessionResumeDownloadUITests;
			productName = NSURLSessionResumeDownloadUITests;
			productReference = D35CFCDB1FB0D3FC00C70328 /* NSURLSessionResumeDownloadUITests.xctest */;
			productType = "com.apple.product-type.bundle.ui-testing";
		};
/* End PBXNativeTarget section */

/* Begin PBXProject section */
		D35CFCB11FB0D3FB00C70328 /* Project object */ = {
			isa = PBXProject;
			attributes = {
				LastSwiftUpdateCheck = 0910;
				LastUpgradeCheck = 0910;
				ORGANIZATIONNAME = sanooj;
				TargetAttributes = {
					D35CFCB81FB0D3FB00C70328 = {
						CreatedOnToolsVersion = 9.1;
						ProvisioningStyle = Automatic;
					};
					D35CFCCF1FB0D3FC00C70328 = {
						CreatedOnToolsVersion = 9.1;
						ProvisioningStyle = Automatic;
						TestTargetID = D35CFCB81FB0D3FB00C70328;
					};
					D35CFCDA1FB0D3FC00C70328 = {
						CreatedOnToolsVersion = 9.1;
						ProvisioningStyle = Automatic;
						TestTargetID = D35CFCB81FB0D3FB00C70328;
					};
				};
			};
			buildConfigurationList = D35CFCB41FB0D3FB00C70328 /* Build configuration list for PBXProject "NSURLSessionResumeDownload" */;
			compatibilityVersion = "Xcode 8.0";
			developmentRegion = en;
			hasScannedForEncodings = 0;
			knownRegions = (
				en,
				Base,
			);
			mainGroup = D35CFCB01FB0D3FB00C70328;
			productRefGroup = D35CFCBA1FB0D3FB00C70328 /* Products */;
			projectDirPath = "";
			projectRoot = "";
			targets = (
				D35CFCB81FB0D3FB00C70328 /* NSURLSessionResumeDownload */,
				D35CFCCF1FB0D3FC00C70328 /* NSURLSessionResumeDownloadTests */,
				D35CFCDA1FB0D3FC00C70328 /* NSURLSessionResumeDownloadUITests */,
			);
		};
/* End PBXProject section */

/* Begin PBXResourcesBuildPhase section */
		D35CFCB71FB0D3FB00C70328 /* Resources */ = {
			isa = PBXResourcesBuildPhase;
			buildActionMask = 2147483647;
			files = (
				D35CFCCA1FB0D3FB00C70328 /* LaunchScreen.storyboard in Resources */,
				D35CFCC71FB0D3FB00C70328 /* Assets.xcassets in Resources */,
				D35CFCC21FB0D3FB00C70328 /* Main.storyboard in Resources */,
			);
			runOnlyForDeploymentPostprocessing = 0;
		};
		D35CFCCE1FB0D3FC00C70328 /* Resources */ = {
			isa = PBXResourcesBuildPhase;
			buildActionMask = 2147483647;
			files = (
			);
			runOnlyForDeploymentPostprocessing = 0;
		};
		D35CFCD91FB0D3FC00C70328 /* Resources */ = {
			isa = PBXResourcesBuildPhase;
			buildActionMask = 2147483647;
			files = (
			);
			runOnlyForDeploymentPostprocessing = 0;
		};
/* End PBXResourcesBuildPhase section */

/* Begin PBXSourcesBuildPhase section */
		D35CFCB51FB0D3FB00C70328 /* Sources */ = {
			isa = PBXSourcesBuildPhase;
			buildActionMask = 2147483647;
			files = (
				D35CFCC51FB0D3FB00C70328 /* NSURLSessionResumeDownload.xcdatamodeld in Sources */,
				D35CFCBF1FB0D3FB00C70328 /* ViewController.swift in Sources */,
				D35CFCBD1FB0D3FB00C70328 /* AppDelegate.swift in Sources */,
			);
			runOnlyForDeploymentPostprocessing = 0;
		};
		D35CFCCC1FB0D3FC00C70328 /* Sources */ = {
			isa = PBXSourcesBuildPhase;
			buildActionMask = 2147483647;
			files = (
				D35CFCD51FB0D3FC00C70328 /* NSURLSessionResumeDownloadTests.swift in Sources */,
			);
			runOnlyForDeploymentPostprocessing = 0;
		};
		D35CFCD71FB0D3FC00C70328 /* Sources */ = {
			isa = PBXSourcesBuildPhase;
			buildActionMask = 2147483647;
			files = (
				D35CFCE01FB0D3FC00C70328 /* NSURLSessionResumeDownloadUITests.swift in Sources */,
			);
			runOnlyForDeploymentPostprocessing = 0;
		};
/* End PBXSourcesBuildPhase section */

/* Begin PBXTargetDependency section */
		D35CFCD21FB0D3FC00C70328 /* PBXTargetDependency */ = {
			isa = PBXTargetDependency;
			target = D35CFCB81FB0D3FB00C70328 /* NSURLSessionResumeDownload */;
			targetProxy = D35CFCD11FB0D3FC00C70328 /* PBXContainerItemProxy */;
		};
		D35CFCDD1FB0D3FC00C70328 /* PBXTargetDependency */ = {
			isa = PBXTargetDependency;
			target = D35CFCB81FB0D3FB00C70328 /* NSURLSessionResumeDownload */;
			targetProxy = D35CFCDC1FB0D3FC00C70328 /* PBXContainerItemProxy */;
		};
/* End PBXTargetDependency section */

/* Begin PBXVariantGroup section */
		D35CFCC01FB0D3FB00C70328 /* Main.storyboard */ = {
			isa = PBXVariantGroup;
			children = (
				D35CFCC11FB0D3FB00C70328 /* Base */,
			);
			name = Main.storyboard;
			sourceTree = "<group>";
		};
		D35CFCC81FB0D3FB00C70328 /* LaunchScreen.storyboard */ = {
			isa = PBXVariantGroup;
			children = (
				D35CFCC91FB0D3FB00C70328 /* Base */,
			);
			name = LaunchScreen.storyboard;
			sourceTree = "<group>";
		};
/* End PBXVariantGroup section */

/* Begin XCBuildConfiguration section */
		D35CFCE21FB0D3FC00C70328 /* Debug */ = {
			isa = XCBuildConfiguration;
			buildSettings = {
				ALWAYS_SEARCH_USER_PATHS = NO;
				CLANG_ANALYZER_NONNULL = YES;
				CLANG_ANALYZER_NUMBER_OBJECT_CONVERSION = YES_AGGRESSIVE;
				CLANG_CXX_LANGUAGE_STANDARD = "gnu++14";
				CLANG_CXX_LIBRARY = "libc++";
				CLANG_ENABLE_MODULES = YES;
				CLANG_ENABLE_OBJC_ARC = YES;
				CLANG_WARN_BLOCK_CAPTURE_AUTORELEASING = YES;
				CLANG_WARN_BOOL_CONVERSION = YES;
				CLANG_WARN_COMMA = YES;
				CLANG_WARN_CONSTANT_CONVERSION = YES;
				CLANG_WARN_DIRECT_OBJC_ISA_USAGE = YES_ERROR;
				CLANG_WARN_DOCUMENTATION_COMMENTS = YES;
				CLANG_WARN_EMPTY_BODY = YES;
				CLANG_WARN_ENUM_CONVERSION = YES;
				CLANG_WARN_INFINITE_RECURSION = YES;
				CLANG_WARN_INT_CONVERSION = YES;
				CLANG_WARN_NON_LITERAL_NULL_CONVERSION = YES;
				CLANG_WARN_OBJC_LITERAL_CONVERSION = YES;
				CLANG_WARN_OBJC_ROOT_CLASS = YES_ERROR;
				CLANG_WARN_RANGE_LOOP_ANALYSIS = YES;
				CLANG_WARN_STRICT_PROTOTYPES = YES;
				CLANG_WARN_SUSPICIOUS_MOVE = YES;
				CLANG_WARN_UNGUARDED_AVAILABILITY = YES_AGGRESSIVE;
				CLANG_WARN_UNREACHABLE_CODE = YES;
				CLANG_WARN__DUPLICATE_METHOD_MATCH = YES;
				CODE_SIGN_IDENTITY = "iPhone Developer";
				COPY_PHASE_STRIP = NO;
				DEBUG_INFORMATION_FORMAT = dwarf;
				ENABLE_STRICT_OBJC_MSGSEND = YES;
				ENABLE_TESTABILITY = YES;
				GCC_C_LANGUAGE_STANDARD = gnu11;
				GCC_DYNAMIC_NO_PIC = NO;
				GCC_NO_COMMON_BLOCKS = YES;
				GCC_OPTIMIZATION_LEVEL = 0;
				GCC_PREPROCESSOR_DEFINITIONS = (
					"DEBUG=1",
					"$(inherited)",
				);
				GCC_WARN_64_TO_32_BIT_CONVERSION = YES;
				GCC_WARN_ABOUT_RETURN_TYPE = YES_ERROR;
				GCC_WARN_UNDECLARED_SELECTOR = YES;
				GCC_WARN_UNINITIALIZED_AUTOS = YES_AGGRESSIVE;
				GCC_WARN_UNUSED_FUNCTION = YES;
				GCC_WARN_UNUSED_VARIABLE = YES;
				IPHONEOS_DEPLOYMENT_TARGET = 11.1;
				MTL_ENABLE_DEBUG_INFO = YES;
				ONLY_ACTIVE_ARCH = YES;
				SDKROOT = iphoneos;
				SWIFT_ACTIVE_COMPILATION_CONDITIONS = DEBUG;
				SWIFT_OPTIMIZATION_LEVEL = "-Onone";
			};
			name = Debug;
		};
		D35CFCE31FB0D3FC00C70328 /* Release */ = {
			isa = XCBuildConfiguration;
			buildSettings = {
				ALWAYS_SEARCH_USER_PATHS = NO;
				CLANG_ANALYZER_NONNULL = YES;
				CLANG_ANALYZER_NUMBER_OBJECT_CONVERSION = YES_AGGRESSIVE;
				CLANG_CXX_LANGUAGE_STANDARD = "gnu++14";
				CLANG_CXX_LIBRARY = "libc++";
				CLANG_ENABLE_MODULES = YES;
				CLANG_ENABLE_OBJC_ARC = YES;
				CLANG_WARN_BLOCK_CAPTURE_AUTORELEASING = YES;
				CLANG_WARN_BOOL_CONVERSION = YES;
				CLANG_WARN_COMMA = YES;
				CLANG_WARN_CONSTANT_CONVERSION = YES;
				CLANG_WARN_DIRECT_OBJC_ISA_USAGE = YES_ERROR;
				CLANG_WARN_DOCUMENTATION_COMMENTS = YES;
				CLANG_WARN_EMPTY_BODY = YES;
				CLANG_WARN_ENUM_CONVERSION = YES;
				CLANG_WARN_INFINITE_RECURSION = YES;
				CLANG_WARN_INT_CONVERSION = YES;
				CLANG_WARN_NON_LITERAL_NULL_CONVERSION = YES;
				CLANG_WARN_OBJC_LITERAL_CONVERSION = YES;
				CLANG_WARN_OBJC_ROOT_CLASS = YES_ERROR;
				CLANG_WARN_RANGE_LOOP_ANALYSIS = YES;
				CLANG_WARN_STRICT_PROTOTYPES = YES;
				CLANG_WARN_SUSPICIOUS_MOVE = YES;
				CLANG_WARN_UNGUARDED_AVAILABILITY = YES_AGGRESSIVE;
				CLANG_WARN_UNREACHABLE_CODE = YES;
				CLANG_WARN__DUPLICATE_METHOD_MATCH = YES;
				CODE_SIGN_IDENTITY = "iPhone Developer";
				COPY_PHASE_STRIP = NO;
				DEBUG_INFORMATION_FORMAT = "dwarf-with-dsym";
				ENABLE_NS_ASSERTIONS = NO;
				ENABLE_STRICT_OBJC_MSGSEND = YES;
				GCC_C_LANGUAGE_STANDARD = gnu11;
				GCC_NO_COMMON_BLOCKS = YES;
				GCC_WARN_64_TO_32_BIT_CONVERSION = YES;
				GCC_WARN_ABOUT_RETURN_TYPE = YES_ERROR;
				GCC_WARN_UNDECLARED_SELECTOR = YES;
				GCC_WARN_UNINITIALIZED_AUTOS = YES_AGGRESSIVE;
				GCC_WARN_UNUSED_FUNCTION = YES;
				GCC_WARN_UNUSED_VARIABLE = YES;
				IPHONEOS_DEPLOYMENT_TARGET = 11.1;
				MTL_ENABLE_DEBUG_INFO = NO;
				SDKROOT = iphoneos;
				SWIFT_OPTIMIZATION_LEVEL = "-Owholemodule";
				VALIDATE_PRODUCT = YES;
			};
			name = Release;
		};
		D35CFCE51FB0D3FC00C70328 /* Debug */ = {
			isa = XCBuildConfiguration;
			buildSettings = {
				ASSETCATALOG_COMPILER_APPICON_NAME = AppIcon;
				CODE_SIGN_STYLE = Automatic;
				INFOPLIST_FILE = NSURLSessionResumeDownload/Info.plist;
				LD_RUNPATH_SEARCH_PATHS = "$(inherited) @executable_path/Frameworks";
				PRODUCT_BUNDLE_IDENTIFIER = iffk.cdit.NSURLSessionResumeDownload;
				PRODUCT_NAME = "$(TARGET_NAME)";
				SWIFT_VERSION = 4.0;
				TARGETED_DEVICE_FAMILY = "1,2";
			};
			name = Debug;
		};
		D35CFCE61FB0D3FC00C70328 /* Release */ = {
			isa = XCBuildConfiguration;
			buildSettings = {
				ASSETCATALOG_COMPILER_APPICON_NAME = AppIcon;
				CODE_SIGN_STYLE = Automatic;
				INFOPLIST_FILE = NSURLSessionResumeDownload/Info.plist;
				LD_RUNPATH_SEARCH_PATHS = "$(inherited) @executable_path/Frameworks";
				PRODUCT_BUNDLE_IDENTIFIER = iffk.cdit.NSURLSessionResumeDownload;
				PRODUCT_NAME = "$(TARGET_NAME)";
				SWIFT_VERSION = 4.0;
				TARGETED_DEVICE_FAMILY = "1,2";
			};
			name = Release;
		};
		D35CFCE81FB0D3FC00C70328 /* Debug */ = {
			isa = XCBuildConfiguration;
			buildSettings = {
				ALWAYS_EMBED_SWIFT_STANDARD_LIBRARIES = YES;
				BUNDLE_LOADER = "$(TEST_HOST)";
				CODE_SIGN_STYLE = Automatic;
				INFOPLIST_FILE = NSURLSessionResumeDownloadTests/Info.plist;
				LD_RUNPATH_SEARCH_PATHS = "$(inherited) @executable_path/Frameworks @loader_path/Frameworks";
				PRODUCT_BUNDLE_IDENTIFIER = iffk.cdit.NSURLSessionResumeDownloadTests;
				PRODUCT_NAME = "$(TARGET_NAME)";
				SWIFT_VERSION = 4.0;
				TARGETED_DEVICE_FAMILY = "1,2";
				TEST_HOST = "$(BUILT_PRODUCTS_DIR)/NSURLSessionResumeDownload.app/NSURLSessionResumeDownload";
			};
			name = Debug;
		};
		D35CFCE91FB0D3FC00C70328 /* Release */ = {
			isa = XCBuildConfiguration;
			buildSettings = {
				ALWAYS_EMBED_SWIFT_STANDARD_LIBRARIES = YES;
				BUNDLE_LOADER = "$(TEST_HOST)";
				CODE_SIGN_STYLE = Automatic;
				INFOPLIST_FILE = NSURLSessionResumeDownloadTests/Info.plist;
				LD_RUNPATH_SEARCH_PATHS = "$(inherited) @executable_path/Frameworks @loader_path/Frameworks";
				PRODUCT_BUNDLE_IDENTIFIER = iffk.cdit.NSURLSessionResumeDownloadTests;
				PRODUCT_NAME = "$(TARGET_NAME)";
				SWIFT_VERSION = 4.0;
				TARGETED_DEVICE_FAMILY = "1,2";
				TEST_HOST = "$(BUILT_PRODUCTS_DIR)/NSURLSessionResumeDownload.app/NSURLSessionResumeDownload";
			};
			name = Release;
		};
		D35CFCEB1FB0D3FC00C70328 /* Debug */ = {
			isa = XCBuildConfiguration;
			buildSettings = {
				ALWAYS_EMBED_SWIFT_STANDARD_LIBRARIES = YES;
				CODE_SIGN_STYLE = Automatic;
				INFOPLIST_FILE = NSURLSessionResumeDownloadUITests/Info.plist;
				LD_RUNPATH_SEARCH_PATHS = "$(inherited) @executable_path/Frameworks @loader_path/Frameworks";
				PRODUCT_BUNDLE_IDENTIFIER = iffk.cdit.NSURLSessionResumeDownloadUITests;
				PRODUCT_NAME = "$(TARGET_NAME)";
				SWIFT_VERSION = 4.0;
				TARGETED_DEVICE_FAMILY = "1,2";
				TEST_TARGET_NAME = NSURLSessionResumeDownload;
			};
			name = Debug;
		};
		D35CFCEC1FB0D3FC00C70328 /* Release */ = {
			isa = XCBuildConfiguration;
			buildSettings = {
				ALWAYS_EMBED_SWIFT_STANDARD_LIBRARIES = YES;
				CODE_SIGN_STYLE = Automatic;
				INFOPLIST_FILE = NSURLSessionResumeDownloadUITests/Info.plist;
				LD_RUNPATH_SEARCH_PATHS = "$(inherited) @executable_path/Frameworks @loader_path/Frameworks";
				PRODUCT_BUNDLE_IDENTIFIER = iffk.cdit.NSURLSessionResumeDownloadUITests;
				PRODUCT_NAME = "$(TARGET_NAME)";
				SWIFT_VERSION = 4.0;
				TARGETED_DEVICE_FAMILY = "1,2";
				TEST_TARGET_NAME = NSURLSessionResumeDownload;
			};
			name = Release;
		};
/* End XCBuildConfiguration section */

/* Begin XCConfigurationList section */
		D35CFCB41FB0D3FB00C70328 /* Build configuration list for PBXProject "NSURLSessionResumeDownload" */ = {
			isa = XCConfigurationList;
			buildConfigurations = (
				D35CFCE21FB0D3FC00C70328 /* Debug */,
				D35CFCE31FB0D3FC00C70328 /* Release */,
			);
			defaultConfigurationIsVisible = 0;
			defaultConfigurationName = Release;
		};
		D35CFCE41FB0D3FC00C70328 /* Build configuration list for PBXNativeTarget "NSURLSessionResumeDownload" */ = {
			isa = XCConfigurationList;
			buildConfigurations = (
				D35CFCE51FB0D3FC00C70328 /* Debug */,
				D35CFCE61FB0D3FC00C70328 /* Release */,
			);
			defaultConfigurationIsVisible = 0;
			defaultConfigurationName = Release;
		};
		D35CFCE71FB0D3FC00C70328 /* Build configuration list for PBXNativeTarget "NSURLSessionResumeDownloadTests" */ = {
			isa = XCConfigurationList;
			buildConfigurations = (
				D35CFCE81FB0D3FC00C70328 /* Debug */,
				D35CFCE91FB0D3FC00C70328 /* Release */,
			);
			defaultConfigurationIsVisible = 0;
			defaultConfigurationName = Release;
		};
		D35CFCEA1FB0D3FC00C70328 /* Build configuration list for PBXNativeTarget "NSURLSessionResumeDownloadUITests" */ = {
			isa = XCConfigurationList;
			buildConfigurations = (
				D35CFCEB1FB0D3FC00C70328 /* Debug */,
				D35CFCEC1FB0D3FC00C70328 /* Release */,
			);
			defaultConfigurationIsVisible = 0;
			defaultConfigurationName = Release;
		};
/* End XCConfigurationList section */

/* Begin XCVersionGroup section */
		D35CFCC31FB0D3FB00C70328 /* NSURLSessionResumeDownload.xcdatamodeld */ = {
			isa = XCVersionGroup;
			children = (
				D35CFCC41FB0D3FB00C70328 /* NSURLSessionResumeDownload.xcdatamodel */,
			);
			currentVersion = D35CFCC41FB0D3FB00C70328 /* NSURLSessionResumeDownload.xcdatamodel */;
			path = NSURLSessionResumeDownload.xcdatamodeld;
			sourceTree = "<group>";
			versionGroupType = wrapper.xcdatamodel;
		};
/* End XCVersionGroup section */
	};
	rootObject = D35CFCB11FB0D3FB00C70328 /* Project object */;
}
